// !$*UTF8*$!
{
	archiveVersion = 1;
	classes = {
	};
	objectVersion = 56;
	objects = {

/* Begin PBXBuildFile section */
		CB27B3962A8B5F16008D9DE7 /* Assets.swift in Sources */ = {isa = PBXBuildFile; fileRef = CB27B3952A8B5F16008D9DE7 /* Assets.swift */; };
		CB4B3E3F2A8D33BF00B03CF8 /* DataManager.swift in Sources */ = {isa = PBXBuildFile; fileRef = CB4B3E3E2A8D33BF00B03CF8 /* DataManager.swift */; };
		CB5041592A8D0E0400E4EAE6 /* BudgetViewModel.swift in Sources */ = {isa = PBXBuildFile; fileRef = CB5041582A8D0E0400E4EAE6 /* BudgetViewModel.swift */; };
		CBE1C4AF2A87768300FF1644 /* AppDelegate.swift in Sources */ = {isa = PBXBuildFile; fileRef = CBE1C4AE2A87768300FF1644 /* AppDelegate.swift */; };
		CBE1C4B12A87768300FF1644 /* SceneDelegate.swift in Sources */ = {isa = PBXBuildFile; fileRef = CBE1C4B02A87768300FF1644 /* SceneDelegate.swift */; };
		CBE1C4B62A87768300FF1644 /* Main.storyboard in Resources */ = {isa = PBXBuildFile; fileRef = CBE1C4B42A87768300FF1644 /* Main.storyboard */; };
		CBE1C4B82A87768400FF1644 /* Assets.xcassets in Resources */ = {isa = PBXBuildFile; fileRef = CBE1C4B72A87768400FF1644 /* Assets.xcassets */; };
		CBE1C4BB2A87768400FF1644 /* LaunchScreen.storyboard in Resources */ = {isa = PBXBuildFile; fileRef = CBE1C4B92A87768400FF1644 /* LaunchScreen.storyboard */; };
		CBE1C4C52A87787E00FF1644 /* Expense.swift in Sources */ = {isa = PBXBuildFile; fileRef = CBE1C4C42A87787E00FF1644 /* Expense.swift */; };
		CBE1C4C72A87788600FF1644 /* Income.swift in Sources */ = {isa = PBXBuildFile; fileRef = CBE1C4C62A87788600FF1644 /* Income.swift */; };
		CBE1C4CC2A87792600FF1644 /* IncomeView.swift in Sources */ = {isa = PBXBuildFile; fileRef = CBE1C4CB2A87792600FF1644 /* IncomeView.swift */; };
		CBE1C4CE2A87793100FF1644 /* BudgetView.swift in Sources */ = {isa = PBXBuildFile; fileRef = CBE1C4CD2A87793100FF1644 /* BudgetView.swift */; };
		CBE1C4D12A87799500FF1644 /* ExpenseView.swift in Sources */ = {isa = PBXBuildFile; fileRef = CBE1C4D02A87799500FF1644 /* ExpenseView.swift */; };
		CBE1C4DC2A877B0400FF1644 /* IncomeViewModel.swift in Sources */ = {isa = PBXBuildFile; fileRef = CBE1C4DB2A877B0400FF1644 /* IncomeViewModel.swift */; };
		CBE1C4DE2A877B0E00FF1644 /* ExpenseViewModel.swift in Sources */ = {isa = PBXBuildFile; fileRef = CBE1C4DD2A877B0E00FF1644 /* ExpenseViewModel.swift */; };
		CBE1C4E22A877E1A00FF1644 /* SF-Pro-Display-Bold.otf in Resources */ = {isa = PBXBuildFile; fileRef = CBE1C4E02A877B5800FF1644 /* SF-Pro-Display-Bold.otf */; };
		CBE1C4E32A877E1D00FF1644 /* SF-Pro-Display-Light.otf in Resources */ = {isa = PBXBuildFile; fileRef = CBE1C4DF2A877B5800FF1644 /* SF-Pro-Display-Light.otf */; };
		CBE1C4E42A877E1F00FF1644 /* SF-Pro-Display-Medium.ttf in Resources */ = {isa = PBXBuildFile; fileRef = CBE1C4E12A877B5800FF1644 /* SF-Pro-Display-Medium.ttf */; };
		CBE1C4E92A87852C00FF1644 /* AddExpenseView.swift in Sources */ = {isa = PBXBuildFile; fileRef = CBE1C4E82A87852C00FF1644 /* AddExpenseView.swift */; };
		CBE1C4EB2A87854100FF1644 /* AddIncomeView.swift in Sources */ = {isa = PBXBuildFile; fileRef = CBE1C4EA2A87854100FF1644 /* AddIncomeView.swift */; };
/* End PBXBuildFile section */

/* Begin PBXFileReference section */
		CB27B3952A8B5F16008D9DE7 /* Assets.swift */ = {isa = PBXFileReference; lastKnownFileType = sourcecode.swift; path = Assets.swift; sourceTree = "<group>"; };
		CB4B3E3E2A8D33BF00B03CF8 /* DataManager.swift */ = {isa = PBXFileReference; lastKnownFileType = sourcecode.swift; path = DataManager.swift; sourceTree = "<group>"; };
		CB5041582A8D0E0400E4EAE6 /* BudgetViewModel.swift */ = {isa = PBXFileReference; lastKnownFileType = sourcecode.swift; path = BudgetViewModel.swift; sourceTree = "<group>"; };
		CBE1C4AB2A87768300FF1644 /* BudgetApp.app */ = {isa = PBXFileReference; explicitFileType = wrapper.application; includeInIndex = 0; path = BudgetApp.app; sourceTree = BUILT_PRODUCTS_DIR; };
		CBE1C4AE2A87768300FF1644 /* AppDelegate.swift */ = {isa = PBXFileReference; lastKnownFileType = sourcecode.swift; path = AppDelegate.swift; sourceTree = "<group>"; };
		CBE1C4B02A87768300FF1644 /* SceneDelegate.swift */ = {isa = PBXFileReference; lastKnownFileType = sourcecode.swift; path = SceneDelegate.swift; sourceTree = "<group>"; };
		CBE1C4B52A87768300FF1644 /* Base */ = {isa = PBXFileReference; lastKnownFileType = file.storyboard; name = Base; path = Base.lproj/Main.storyboard; sourceTree = "<group>"; };
		CBE1C4B72A87768400FF1644 /* Assets.xcassets */ = {isa = PBXFileReference; lastKnownFileType = folder.assetcatalog; path = Assets.xcassets; sourceTree = "<group>"; };
		CBE1C4BA2A87768400FF1644 /* Base */ = {isa = PBXFileReference; lastKnownFileType = file.storyboard; name = Base; path = Base.lproj/LaunchScreen.storyboard; sourceTree = "<group>"; };
		CBE1C4BC2A87768400FF1644 /* Info.plist */ = {isa = PBXFileReference; lastKnownFileType = text.plist.xml; path = Info.plist; sourceTree = "<group>"; };
		CBE1C4C42A87787E00FF1644 /* Expense.swift */ = {isa = PBXFileReference; lastKnownFileType = sourcecode.swift; path = Expense.swift; sourceTree = "<group>"; };
		CBE1C4C62A87788600FF1644 /* Income.swift */ = {isa = PBXFileReference; lastKnownFileType = sourcecode.swift; path = Income.swift; sourceTree = "<group>"; };
		CBE1C4CB2A87792600FF1644 /* IncomeView.swift */ = {isa = PBXFileReference; lastKnownFileType = sourcecode.swift; path = IncomeView.swift; sourceTree = "<group>"; };
		CBE1C4CD2A87793100FF1644 /* BudgetView.swift */ = {isa = PBXFileReference; lastKnownFileType = sourcecode.swift; path = BudgetView.swift; sourceTree = "<group>"; };
		CBE1C4D02A87799500FF1644 /* ExpenseView.swift */ = {isa = PBXFileReference; lastKnownFileType = sourcecode.swift; path = ExpenseView.swift; sourceTree = "<group>"; };
		CBE1C4DB2A877B0400FF1644 /* IncomeViewModel.swift */ = {isa = PBXFileReference; lastKnownFileType = sourcecode.swift; path = IncomeViewModel.swift; sourceTree = "<group>"; };
		CBE1C4DD2A877B0E00FF1644 /* ExpenseViewModel.swift */ = {isa = PBXFileReference; lastKnownFileType = sourcecode.swift; path = ExpenseViewModel.swift; sourceTree = "<group>"; };
		CBE1C4DF2A877B5800FF1644 /* SF-Pro-Display-Light.otf */ = {isa = PBXFileReference; lastKnownFileType = file; path = "SF-Pro-Display-Light.otf"; sourceTree = "<group>"; };
		CBE1C4E02A877B5800FF1644 /* SF-Pro-Display-Bold.otf */ = {isa = PBXFileReference; lastKnownFileType = file; path = "SF-Pro-Display-Bold.otf"; sourceTree = "<group>"; };
		CBE1C4E12A877B5800FF1644 /* SF-Pro-Display-Medium.ttf */ = {isa = PBXFileReference; lastKnownFileType = file; path = "SF-Pro-Display-Medium.ttf"; sourceTree = "<group>"; };
		CBE1C4E82A87852C00FF1644 /* AddExpenseView.swift */ = {isa = PBXFileReference; lastKnownFileType = sourcecode.swift; path = AddExpenseView.swift; sourceTree = "<group>"; };
		CBE1C4EA2A87854100FF1644 /* AddIncomeView.swift */ = {isa = PBXFileReference; lastKnownFileType = sourcecode.swift; path = AddIncomeView.swift; sourceTree = "<group>"; };
/* End PBXFileReference section */

/* Begin PBXFrameworksBuildPhase section */
		CBE1C4A82A87768300FF1644 /* Frameworks */ = {
			isa = PBXFrameworksBuildPhase;
			buildActionMask = 2147483647;
			files = (
			);
			runOnlyForDeploymentPostprocessing = 0;
		};
/* End PBXFrameworksBuildPhase section */

/* Begin PBXGroup section */
		CB4B3E3D2A8D33B000B03CF8 /* Data */ = {
			isa = PBXGroup;
			children = (
				CB4B3E3E2A8D33BF00B03CF8 /* DataManager.swift */,
			);
			path = Data;
			sourceTree = "<group>";
		};
		CBE1C4A22A87768300FF1644 = {
			isa = PBXGroup;
			children = (
				CBE1C4AD2A87768300FF1644 /* BudgetApp */,
				CBE1C4AC2A87768300FF1644 /* Products */,
			);
			sourceTree = "<group>";
		};
		CBE1C4AC2A87768300FF1644 /* Products */ = {
			isa = PBXGroup;
			children = (
				CBE1C4AB2A87768300FF1644 /* BudgetApp.app */,
			);
			name = Products;
			sourceTree = "<group>";
		};
		CBE1C4AD2A87768300FF1644 /* BudgetApp */ = {
			isa = PBXGroup;
			children = (
				CB4B3E3D2A8D33B000B03CF8 /* Data */,
				CBE1C4C82A87788A00FF1644 /* Models */,
				CBE1C4CF2A87793500FF1644 /* Views */,
				CBE1C4D62A877A9300FF1644 /* ViewModels */,
				CBE1C4C32A87787000FF1644 /* Resources */,
				CBE1C4C22A87786000FF1644 /* SupportingFiles */,
			);
			path = BudgetApp;
			sourceTree = "<group>";
		};
		CBE1C4C22A87786000FF1644 /* SupportingFiles */ = {
			isa = PBXGroup;
			children = (
				CBE1C4AE2A87768300FF1644 /* AppDelegate.swift */,
				CBE1C4B02A87768300FF1644 /* SceneDelegate.swift */,
				CBE1C4BC2A87768400FF1644 /* Info.plist */,
			);
			path = SupportingFiles;
			sourceTree = "<group>";
		};
		CBE1C4C32A87787000FF1644 /* Resources */ = {
			isa = PBXGroup;
			children = (
				CBE1C4B42A87768300FF1644 /* Main.storyboard */,
				CBE1C4B92A87768400FF1644 /* LaunchScreen.storyboard */,
				CBE1C4B72A87768400FF1644 /* Assets.xcassets */,
				CBE1C4E02A877B5800FF1644 /* SF-Pro-Display-Bold.otf */,
				CBE1C4DF2A877B5800FF1644 /* SF-Pro-Display-Light.otf */,
				CBE1C4E12A877B5800FF1644 /* SF-Pro-Display-Medium.ttf */,
			);
			path = Resources;
			sourceTree = "<group>";
		};
		CBE1C4C82A87788A00FF1644 /* Models */ = {
			isa = PBXGroup;
			children = (
				CBE1C4C62A87788600FF1644 /* Income.swift */,
				CBE1C4C42A87787E00FF1644 /* Expense.swift */,
				CB27B3952A8B5F16008D9DE7 /* Assets.swift */,
			);
			path = Models;
			sourceTree = "<group>";
		};
		CBE1C4CF2A87793500FF1644 /* Views */ = {
			isa = PBXGroup;
			children = (
				CBE1C4CD2A87793100FF1644 /* BudgetView.swift */,
				CBE1C4CB2A87792600FF1644 /* IncomeView.swift */,
				CBE1C4D02A87799500FF1644 /* ExpenseView.swift */,
				CBE1C4EA2A87854100FF1644 /* AddIncomeView.swift */,
				CBE1C4E82A87852C00FF1644 /* AddExpenseView.swift */,
			);
			path = Views;
			sourceTree = "<group>";
		};
		CBE1C4D62A877A9300FF1644 /* ViewModels */ = {
			isa = PBXGroup;
			children = (
				CB5041582A8D0E0400E4EAE6 /* BudgetViewModel.swift */,
				CBE1C4DB2A877B0400FF1644 /* IncomeViewModel.swift */,
				CBE1C4DD2A877B0E00FF1644 /* ExpenseViewModel.swift */,
			);
			path = ViewModels;
			sourceTree = "<group>";
		};
/* End PBXGroup section */

/* Begin PBXNativeTarget section */
		CBE1C4AA2A87768300FF1644 /* BudgetApp */ = {
			isa = PBXNativeTarget;
			buildConfigurationList = CBE1C4BF2A87768400FF1644 /* Build configuration list for PBXNativeTarget "BudgetApp" */;
			buildPhases = (
				CBE1C4A72A87768300FF1644 /* Sources */,
				CBE1C4A82A87768300FF1644 /* Frameworks */,
				CBE1C4A92A87768300FF1644 /* Resources */,
			);
			buildRules = (
			);
			dependencies = (
			);
			name = BudgetApp;
			productName = BudgetApp;
			productReference = CBE1C4AB2A87768300FF1644 /* BudgetApp.app */;
			productType = "com.apple.product-type.application";
		};
/* End PBXNativeTarget section */

/* Begin PBXProject section */
		CBE1C4A32A87768300FF1644 /* Project object */ = {
			isa = PBXProject;
			attributes = {
				BuildIndependentTargetsInParallel = 1;
				LastSwiftUpdateCheck = 1430;
				LastUpgradeCheck = 1430;
				TargetAttributes = {
					CBE1C4AA2A87768300FF1644 = {
						CreatedOnToolsVersion = 14.3.1;
					};
				};
			};
			buildConfigurationList = CBE1C4A62A87768300FF1644 /* Build configuration list for PBXProject "BudgetApp" */;
			compatibilityVersion = "Xcode 14.0";
			developmentRegion = en;
			hasScannedForEncodings = 0;
			knownRegions = (
				en,
				Base,
			);
			mainGroup = CBE1C4A22A87768300FF1644;
			productRefGroup = CBE1C4AC2A87768300FF1644 /* Products */;
			projectDirPath = "";
			projectRoot = "";
			targets = (
				CBE1C4AA2A87768300FF1644 /* BudgetApp */,
			);
		};
/* End PBXProject section */

/* Begin PBXResourcesBuildPhase section */
		CBE1C4A92A87768300FF1644 /* Resources */ = {
			isa = PBXResourcesBuildPhase;
			buildActionMask = 2147483647;
			files = (
				CBE1C4BB2A87768400FF1644 /* LaunchScreen.storyboard in Resources */,
				CBE1C4E32A877E1D00FF1644 /* SF-Pro-Display-Light.otf in Resources */,
				CBE1C4B82A87768400FF1644 /* Assets.xcassets in Resources */,
				CBE1C4E42A877E1F00FF1644 /* SF-Pro-Display-Medium.ttf in Resources */,
				CBE1C4E22A877E1A00FF1644 /* SF-Pro-Display-Bold.otf in Resources */,
				CBE1C4B62A87768300FF1644 /* Main.storyboard in Resources */,
			);
			runOnlyForDeploymentPostprocessing = 0;
		};
/* End PBXResourcesBuildPhase section */

/* Begin PBXSourcesBuildPhase section */
		CBE1C4A72A87768300FF1644 /* Sources */ = {
			isa = PBXSourcesBuildPhase;
			buildActionMask = 2147483647;
			files = (
				CBE1C4C52A87787E00FF1644 /* Expense.swift in Sources */,
				CBE1C4EB2A87854100FF1644 /* AddIncomeView.swift in Sources */,
				CB5041592A8D0E0400E4EAE6 /* BudgetViewModel.swift in Sources */,
				CB4B3E3F2A8D33BF00B03CF8 /* DataManager.swift in Sources */,
				CBE1C4E92A87852C00FF1644 /* AddExpenseView.swift in Sources */,
				CBE1C4DC2A877B0400FF1644 /* IncomeViewModel.swift in Sources */,
				CBE1C4CC2A87792600FF1644 /* IncomeView.swift in Sources */,
				CBE1C4AF2A87768300FF1644 /* AppDelegate.swift in Sources */,
				CBE1C4D12A87799500FF1644 /* ExpenseView.swift in Sources */,
				CB27B3962A8B5F16008D9DE7 /* Assets.swift in Sources */,
				CBE1C4C72A87788600FF1644 /* Income.swift in Sources */,
				CBE1C4DE2A877B0E00FF1644 /* ExpenseViewModel.swift in Sources */,
				CBE1C4CE2A87793100FF1644 /* BudgetView.swift in Sources */,
				CBE1C4B12A87768300FF1644 /* SceneDelegate.swift in Sources */,
			);
			runOnlyForDeploymentPostprocessing = 0;
		};
/* End PBXSourcesBuildPhase section */

/* Begin PBXVariantGroup section */
		CBE1C4B42A87768300FF1644 /* Main.storyboard */ = {
			isa = PBXVariantGroup;
			children = (
				CBE1C4B52A87768300FF1644 /* Base */,
			);
			name = Main.storyboard;
			sourceTree = "<group>";
		};
		CBE1C4B92A87768400FF1644 /* LaunchScreen.storyboard */ = {
			isa = PBXVariantGroup;
			children = (
				CBE1C4BA2A87768400FF1644 /* Base */,
			);
			name = LaunchScreen.storyboard;
			sourceTree = "<group>";
		};
/* End PBXVariantGroup section */

/* Begin XCBuildConfiguration section */
		CBE1C4BD2A87768400FF1644 /* Debug */ = {
			isa = XCBuildConfiguration;
			buildSettings = {
				ALWAYS_SEARCH_USER_PATHS = NO;
				CLANG_ANALYZER_NONNULL = YES;
				CLANG_ANALYZER_NUMBER_OBJECT_CONVERSION = YES_AGGRESSIVE;
				CLANG_CXX_LANGUAGE_STANDARD = "gnu++20";
				CLANG_ENABLE_MODULES = YES;
				CLANG_ENABLE_OBJC_ARC = YES;
				CLANG_ENABLE_OBJC_WEAK = YES;
				CLANG_WARN_BLOCK_CAPTURE_AUTORELEASING = YES;
				CLANG_WARN_BOOL_CONVERSION = YES;
				CLANG_WARN_COMMA = YES;
				CLANG_WARN_CONSTANT_CONVERSION = YES;
				CLANG_WARN_DEPRECATED_OBJC_IMPLEMENTATIONS = YES;
				CLANG_WARN_DIRECT_OBJC_ISA_USAGE = YES_ERROR;
				CLANG_WARN_DOCUMENTATION_COMMENTS = YES;
				CLANG_WARN_EMPTY_BODY = YES;
				CLANG_WARN_ENUM_CONVERSION = YES;
				CLANG_WARN_INFINITE_RECURSION = YES;
				CLANG_WARN_INT_CONVERSION = YES;
				CLANG_WARN_NON_LITERAL_NULL_CONVERSION = YES;
				CLANG_WARN_OBJC_IMPLICIT_RETAIN_SELF = YES;
				CLANG_WARN_OBJC_LITERAL_CONVERSION = YES;
				CLANG_WARN_OBJC_ROOT_CLASS = YES_ERROR;
				CLANG_WARN_QUOTED_INCLUDE_IN_FRAMEWORK_HEADER = YES;
				CLANG_WARN_RANGE_LOOP_ANALYSIS = YES;
				CLANG_WARN_STRICT_PROTOTYPES = YES;
				CLANG_WARN_SUSPICIOUS_MOVE = YES;
				CLANG_WARN_UNGUARDED_AVAILABILITY = YES_AGGRESSIVE;
				CLANG_WARN_UNREACHABLE_CODE = YES;
				CLANG_WARN__DUPLICATE_METHOD_MATCH = YES;
				COPY_PHASE_STRIP = NO;
				DEBUG_INFORMATION_FORMAT = dwarf;
				ENABLE_STRICT_OBJC_MSGSEND = YES;
				ENABLE_TESTABILITY = YES;
				GCC_C_LANGUAGE_STANDARD = gnu11;
				GCC_DYNAMIC_NO_PIC = NO;
				GCC_NO_COMMON_BLOCKS = YES;
				GCC_OPTIMIZATION_LEVEL = 0;
				GCC_PREPROCESSOR_DEFINITIONS = (
					"DEBUG=1",
					"$(inherited)",
				);
				GCC_WARN_64_TO_32_BIT_CONVERSION = YES;
				GCC_WARN_ABOUT_RETURN_TYPE = YES_ERROR;
				GCC_WARN_UNDECLARED_SELECTOR = YES;
				GCC_WARN_UNINITIALIZED_AUTOS = YES_AGGRESSIVE;
				GCC_WARN_UNUSED_FUNCTION = YES;
				GCC_WARN_UNUSED_VARIABLE = YES;
				IPHONEOS_DEPLOYMENT_TARGET = 16.4;
				MTL_ENABLE_DEBUG_INFO = INCLUDE_SOURCE;
				MTL_FAST_MATH = YES;
				ONLY_ACTIVE_ARCH = YES;
				SDKROOT = iphoneos;
				SWIFT_ACTIVE_COMPILATION_CONDITIONS = DEBUG;
				SWIFT_OPTIMIZATION_LEVEL = "-Onone";
			};
			name = Debug;
		};
		CBE1C4BE2A87768400FF1644 /* Release */ = {
			isa = XCBuildConfiguration;
			buildSettings = {
				ALWAYS_SEARCH_USER_PATHS = NO;
				CLANG_ANALYZER_NONNULL = YES;
				CLANG_ANALYZER_NUMBER_OBJECT_CONVERSION = YES_AGGRESSIVE;
				CLANG_CXX_LANGUAGE_STANDARD = "gnu++20";
				CLANG_ENABLE_MODULES = YES;
				CLANG_ENABLE_OBJC_ARC = YES;
				CLANG_ENABLE_OBJC_WEAK = YES;
				CLANG_WARN_BLOCK_CAPTURE_AUTORELEASING = YES;
				CLANG_WARN_BOOL_CONVERSION = YES;
				CLANG_WARN_COMMA = YES;
				CLANG_WARN_CONSTANT_CONVERSION = YES;
				CLANG_WARN_DEPRECATED_OBJC_IMPLEMENTATIONS = YES;
				CLANG_WARN_DIRECT_OBJC_ISA_USAGE = YES_ERROR;
				CLANG_WARN_DOCUMENTATION_COMMENTS = YES;
				CLANG_WARN_EMPTY_BODY = YES;
				CLANG_WARN_ENUM_CONVERSION = YES;
				CLANG_WARN_INFINITE_RECURSION = YES;
				CLANG_WARN_INT_CONVERSION = YES;
				CLANG_WARN_NON_LITERAL_NULL_CONVERSION = YES;
				CLANG_WARN_OBJC_IMPLICIT_RETAIN_SELF = YES;
				CLANG_WARN_OBJC_LITERAL_CONVERSION = YES;
				CLANG_WARN_OBJC_ROOT_CLASS = YES_ERROR;
				CLANG_WARN_QUOTED_INCLUDE_IN_FRAMEWORK_HEADER = YES;
				CLANG_WARN_RANGE_LOOP_ANALYSIS = YES;
				CLANG_WARN_STRICT_PROTOTYPES = YES;
				CLANG_WARN_SUSPICIOUS_MOVE = YES;
				CLANG_WARN_UNGUARDED_AVAILABILITY = YES_AGGRESSIVE;
				CLANG_WARN_UNREACHABLE_CODE = YES;
				CLANG_WARN__DUPLICATE_METHOD_MATCH = YES;
				COPY_PHASE_STRIP = NO;
				DEBUG_INFORMATION_FORMAT = "dwarf-with-dsym";
				ENABLE_NS_ASSERTIONS = NO;
				ENABLE_STRICT_OBJC_MSGSEND = YES;
				GCC_C_LANGUAGE_STANDARD = gnu11;
				GCC_NO_COMMON_BLOCKS = YES;
				GCC_WARN_64_TO_32_BIT_CONVERSION = YES;
				GCC_WARN_ABOUT_RETURN_TYPE = YES_ERROR;
				GCC_WARN_UNDECLARED_SELECTOR = YES;
				GCC_WARN_UNINITIALIZED_AUTOS = YES_AGGRESSIVE;
				GCC_WARN_UNUSED_FUNCTION = YES;
				GCC_WARN_UNUSED_VARIABLE = YES;
				IPHONEOS_DEPLOYMENT_TARGET = 16.4;
				MTL_ENABLE_DEBUG_INFO = NO;
				MTL_FAST_MATH = YES;
				SDKROOT = iphoneos;
				SWIFT_COMPILATION_MODE = wholemodule;
				SWIFT_OPTIMIZATION_LEVEL = "-O";
				VALIDATE_PRODUCT = YES;
			};
			name = Release;
		};
		CBE1C4C02A87768400FF1644 /* Debug */ = {
			isa = XCBuildConfiguration;
			buildSettings = {
				ASSETCATALOG_COMPILER_APPICON_NAME = AppIcon;
				ASSETCATALOG_COMPILER_GLOBAL_ACCENT_COLOR_NAME = AccentColor;
				CODE_SIGN_STYLE = Automatic;
				CURRENT_PROJECT_VERSION = 1;
				DEVELOPMENT_TEAM = 6H5U9TVTW3;
				GENERATE_INFOPLIST_FILE = YES;
				INFOPLIST_FILE = BudgetApp/SupportingFiles/Info.plist;
				INFOPLIST_KEY_CFBundleDisplayName = Budgett;
				INFOPLIST_KEY_LSApplicationCategoryType = "public.app-category.finance";
				INFOPLIST_KEY_UIApplicationSupportsIndirectInputEvents = YES;
				INFOPLIST_KEY_UILaunchStoryboardName = LaunchScreen;
				INFOPLIST_KEY_UIMainStoryboardFile = Main;
				INFOPLIST_KEY_UIStatusBarStyle = "";
				INFOPLIST_KEY_UISupportedInterfaceOrientations = UIInterfaceOrientationPortrait;
				INFOPLIST_KEY_UISupportedInterfaceOrientations_iPad = "UIInterfaceOrientationLandscapeLeft UIInterfaceOrientationLandscapeRight UIInterfaceOrientationPortrait UIInterfaceOrientationPortraitUpsideDown";
				LD_RUNPATH_SEARCH_PATHS = (
					"$(inherited)",
					"@executable_path/Frameworks",
				);
				MARKETING_VERSION = 1.0;
				PRODUCT_BUNDLE_IDENTIFIER = gokoglan.BudgetApp;
				PRODUCT_NAME = "$(TARGET_NAME)";
				SUPPORTED_PLATFORMS = "iphoneos iphonesimulator";
				SUPPORTS_MACCATALYST = NO;
				SUPPORTS_MAC_DESIGNED_FOR_IPHONE_IPAD = NO;
				SWIFT_EMIT_LOC_STRINGS = YES;
				SWIFT_VERSION = 5.0;
				TARGETED_DEVICE_FAMILY = 1;
			};
			name = Debug;
		};
		CBE1C4C12A87768400FF1644 /* Release */ = {
			isa = XCBuildConfiguration;
			buildSettings = {
				ASSETCATALOG_COMPILER_APPICON_NAME = AppIcon;
				ASSETCATALOG_COMPILER_GLOBAL_ACCENT_COLOR_NAME = AccentColor;
				CODE_SIGN_STYLE = Automatic;
				CURRENT_PROJECT_VERSION = 1;
				DEVELOPMENT_TEAM = 6H5U9TVTW3;
				GENERATE_INFOPLIST_FILE = YES;
				INFOPLIST_FILE = BudgetApp/SupportingFiles/Info.plist;
				INFOPLIST_KEY_CFBundleDisplayName = Budgett;
				INFOPLIST_KEY_LSApplicationCategoryType = "public.app-category.finance";
				INFOPLIST_KEY_UIApplicationSupportsIndirectInputEvents = YES;
				INFOPLIST_KEY_UILaunchStoryboardName = LaunchScreen;
				INFOPLIST_KEY_UIMainStoryboardFile = Main;
				INFOPLIST_KEY_UIStatusBarStyle = "";
				INFOPLIST_KEY_UISupportedInterfaceOrientations = UIInterfaceOrientationPortrait;
				INFOPLIST_KEY_UISupportedInterfaceOrientations_iPad = "UIInterfaceOrientationLandscapeLeft UIInterfaceOrientationLandscapeRight UIInterfaceOrientationPortrait UIInterfaceOrientationPortraitUpsideDown";
				LD_RUNPATH_SEARCH_PATHS = (
					"$(inherited)",
					"@executable_path/Frameworks",
				);
				MARKETING_VERSION = 1.0;
				PRODUCT_BUNDLE_IDENTIFIER = gokoglan.BudgetApp;
				PRODUCT_NAME = "$(TARGET_NAME)";
				SUPPORTED_PLATFORMS = "iphoneos iphonesimulator";
				SUPPORTS_MACCATALYST = NO;
				SUPPORTS_MAC_DESIGNED_FOR_IPHONE_IPAD = NO;
				SWIFT_EMIT_LOC_STRINGS = YES;
				SWIFT_VERSION = 5.0;
				TARGETED_DEVICE_FAMILY = 1;
			};
			name = Release;
		};
/* End XCBuildConfiguration section */

/* Begin XCConfigurationList section */
		CBE1C4A62A87768300FF1644 /* Build configuration list for PBXProject "BudgetApp" */ = {
			isa = XCConfigurationList;
			buildConfigurations = (
				CBE1C4BD2A87768400FF1644 /* Debug */,
				CBE1C4BE2A87768400FF1644 /* Release */,
			);
			defaultConfigurationIsVisible = 0;
			defaultConfigurationName = Release;
		};
		CBE1C4BF2A87768400FF1644 /* Build configuration list for PBXNativeTarget "BudgetApp" */ = {
			isa = XCConfigurationList;
			buildConfigurations = (
				CBE1C4C02A87768400FF1644 /* Debug */,
				CBE1C4C12A87768400FF1644 /* Release */,
			);
			defaultConfigurationIsVisible = 0;
			defaultConfigurationName = Release;
		};
/* End XCConfigurationList section */
	};
	rootObject = CBE1C4A32A87768300FF1644 /* Project object */;
}
